PODS:
  - AppLovinSDK (13.2.0)
  - Capacitor (7.4.4):
    - CapacitorCordova
  - CapacitorApp (7.1.0):
    - Capacitor
  - CapacitorBrowser (7.0.2):
    - Capacitor
  - CapacitorCamera (7.0.2):
    - Capacitor
  - CapacitorCommunityAdvertisingId (7.1.0):
    - Capacitor
  - CapacitorCommunityPlayIntegrity (7.1.0):
    - Capacitor
  - CapacitorCommunityStripe (7.2.1):
    - Capacitor
    - StripeApplePay (~> 24.16.1)
    - StripePaymentSheet (~> 24.16.1)
  - CapacitorCordova (7.4.4)
  - CapacitorDevice (7.0.2):
    - Capacitor
  - CapacitorFilesystem (7.1.4):
    - Capacitor
    - IONFilesystemLib (~> 1.0.1)
  - CapacitorGeolocation (7.1.5):
    - Capacitor
    - IONGeolocationLib (= 1.0.1)
  - CapacitorNativeBiometric (0.0.1):
    - Capacitor
  - CapacitorPreferences (7.0.2):
    - Capacitor
  - CapacitorSplashScreen (7.0.3):
    - Capacitor
  - CapacitorStatusBar (7.0.2):
    - Capacitor
  - CapgoCapacitorNavigationBar (7.1.27):
    - Capacitor
  - CordovaPluginsStatic (7.4.3):
    - AppLovinSDK (= 13.2.0)
    - CapacitorCordova
  - IONFilesystemLib (1.0.1)
  - IONGeolocationLib (1.0.1)
  - StripeApplePay (24.16.2):
    - StripeCore (= 24.16.2)
  - StripeCore (24.16.2)
  - StripePayments (24.16.2):
    - StripeCore (= 24.16.2)
    - StripePayments/Stripe3DS2 (= 24.16.2)
  - StripePayments/Stripe3DS2 (24.16.2):
    - StripeCore (= 24.16.2)
  - StripePaymentSheet (24.16.2):
    - StripeApplePay (= 24.16.2)
    - StripeCore (= 24.16.2)
    - StripePayments (= 24.16.2)
    - StripePaymentsUI (= 24.16.2)
  - StripePaymentsUI (24.16.2):
    - StripeCore (= 24.16.2)
    - StripePayments (= 24.16.2)
    - StripeUICore (= 24.16.2)
  - StripeUICore (24.16.2):
    - StripeCore (= 24.16.2)

DEPENDENCIES:
  - "Capacitor (from `../../node_modules/@capacitor/ios`)"
  - "CapacitorApp (from `../../node_modules/@capacitor/app`)"
  - "CapacitorBrowser (from `../../node_modules/@capacitor/browser`)"
  - "CapacitorCamera (from `../../node_modules/@capacitor/camera`)"
  - "CapacitorCommunityAdvertisingId (from `../../node_modules/@capacitor-community/advertising-id`)"
  - "CapacitorCommunityPlayIntegrity (from `../../node_modules/@capacitor-community/play-integrity`)"
  - "CapacitorCommunityStripe (from `../../node_modules/@capacitor-community/stripe`)"
  - "CapacitorCordova (from `../../node_modules/@capacitor/ios`)"
  - "CapacitorDevice (from `../../node_modules/@capacitor/device`)"
  - "CapacitorFilesystem (from `../../node_modules/@capacitor/filesystem`)"
  - "CapacitorGeolocation (from `../../node_modules/@capacitor/geolocation`)"
  - CapacitorNativeBiometric (from `../../node_modules/capacitor-native-biometric`)
  - "CapacitorPreferences (from `../../node_modules/@capacitor/preferences`)"
  - "CapacitorSplashScreen (from `../../node_modules/@capacitor/splash-screen`)"
  - "CapacitorStatusBar (from `../../node_modules/@capacitor/status-bar`)"
  - "CapgoCapacitorNavigationBar (from `../../node_modules/@capgo/capacitor-navigation-bar`)"
  - CordovaPluginsStatic (from `../capacitor-cordova-ios-plugins`)

SPEC REPOS:
  trunk:
    - AppLovinSDK
    - IONFilesystemLib
    - IONGeolocationLib
    - StripeApplePay
    - StripeCore
    - StripePayments
    - StripePaymentSheet
    - StripePaymentsUI
    - StripeUICore

EXTERNAL SOURCES:
  Capacitor:
    :path: "../../node_modules/@capacitor/ios"
  CapacitorApp:
    :path: "../../node_modules/@capacitor/app"
  CapacitorBrowser:
    :path: "../../node_modules/@capacitor/browser"
  CapacitorCamera:
    :path: "../../node_modules/@capacitor/camera"
  CapacitorCommunityAdvertisingId:
    :path: "../../node_modules/@capacitor-community/advertising-id"
  CapacitorCommunityPlayIntegrity:
    :path: "../../node_modules/@capacitor-community/play-integrity"
  CapacitorCommunityStripe:
    :path: "../../node_modules/@capacitor-community/stripe"
  CapacitorCordova:
    :path: "../../node_modules/@capacitor/ios"
  CapacitorDevice:
    :path: "../../node_modules/@capacitor/device"
  CapacitorFilesystem:
    :path: "../../node_modules/@capacitor/filesystem"
  CapacitorGeolocation:
    :path: "../../node_modules/@capacitor/geolocation"
  CapacitorNativeBiometric:
    :path: "../../node_modules/capacitor-native-biometric"
  CapacitorPreferences:
    :path: "../../node_modules/@capacitor/preferences"
  CapacitorSplashScreen:
    :path: "../../node_modules/@capacitor/splash-screen"
  CapacitorStatusBar:
    :path: "../../node_modules/@capacitor/status-bar"
  CapgoCapacitorNavigationBar:
    :path: "../../node_modules/@capgo/capacitor-navigation-bar"
  CordovaPluginsStatic:
    :path: "../capacitor-cordova-ios-plugins"

SPEC CHECKSUMS:
  AppLovinSDK: 1eb88a82b4feea9f3696ce9cc1e3343c4997ee12
  Capacitor: 358dd1c3fdd71d969547b17e159fd8a7736cb45f
  CapacitorApp: 26587c2ce485d88ddb39adb21cac64f8e481afe3
  CapacitorBrowser: 22541e48442de44dc629c214388290d6eecc6ae9
  CapacitorCamera: f9e54db0a18bb218a8dc360907d63aaefe9209ff
  CapacitorCommunityAdvertisingId: 5b96abafb55438f6dacfd4b3e65fa731a4678380
  CapacitorCommunityPlayIntegrity: 29ecb01e497f9aed843b76a82ce80471fe9a5cfd
  CapacitorCommunityStripe: f450392193819371b160dec88b6e58037366008c
  CapacitorCordova: bf648a636f3c153f652d312ae145fb508b6ffced
  CapacitorDevice: 81ae78d5d1942707caad79276badd458bf6ec603
  CapacitorFilesystem: f9bd850c41e048180e5dc0cbb90f2033ede9d2cc
  CapacitorGeolocation: 84f868bea4c2499aebc3bb3a88fd0a508f87ab87
  CapacitorNativeBiometric: 78cf21304251a512e4597437325b5e9b0cd9f7b3
  CapacitorPreferences: 65107ed7437d96ee72583df5763985e3c0ff2bc2
  CapacitorSplashScreen: e388b8e0ed0e982a9d3a40417f478e7a018a8763
  CapacitorStatusBar: e04d05e121d5a5979c29eb4249186a4e4a84cacb
  CapgoCapacitorNavigationBar: dfa5f03c60a92e5cfdd67768e4a4f0c86a0b1c04
  CordovaPluginsStatic: 2982b52c32d7f901aabb4b538fd2c199947c36cc
  IONFilesystemLib: 89258b8e3e85465da93127d25d7ce37f977e8a6f
  IONGeolocationLib: 20f9d0248a0b5264511fb57a37e25dd2badf797a
  StripeApplePay: 66dc43ec1284904a2cf4c5a0906f86296d23afbd
  StripeCore: f3a62397cecaf4da1827bcf07de7312ec1f3b96e
  StripePayments: b3e7817d821ceedd469008d17d94a1494ff1b624
  StripePaymentSheet: f4f5b71cef665f05a185c29b2d4b59e7dd8c117d
  StripePaymentsUI: d489e73bf790da1c74e642021475b1a09a4a4500
  StripeUICore: 723e5024c83acb5ba5e71335e110a471b182a74d

PODFILE CHECKSUM: 7ee4a5881d43b62b1676d8e16e11be4a31eb7395

COCOAPODS: 1.16.2
